
Microsoft Visual Studio Solution File, Format Version 12.00
# Visual Studio Version 17
VisualStudioVersion = 17.0.31903.59
MinimumVisualStudioVersion = 10.0.40219.1
Project("{FAE04EC0-301F-11D3-BF4B-00C04F79EFBC}") = "API", "API\API.csproj", "{604C51AC-2031-44B2-8BC5-543FFB2CAEDF}"
EndProject
Project("{FAE04EC0-301F-11D3-BF4B-00C04F79EFBC}") = "Domain", "Domain\Domain.csproj", "{3599A3DA-C5D6-4275-AC3B-4B8840CC54E0}"
EndProject
Project("{FAE04EC0-301F-11D3-BF4B-00C04F79EFBC}") = "Persistence", "Persistence\Persistence.csproj", "{C881BB45-6F5B-42FF-AF37-B5C7EEA1363E}"
EndProject
Project("{FAE04EC0-301F-11D3-BF4B-00C04F79EFBC}") = "Application", "Application\Application.csproj", "{52EE47CF-B0DB-49E1-98BA-3C5D76F8681E}"
EndProject
Global
	GlobalSection(SolutionConfigurationPlatforms) = preSolution
		Debug|Any CPU = Debug|Any CPU
		Release|Any CPU = Release|Any CPU
	EndGlobalSection
	GlobalSection(SolutionProperties) = preSolution
		HideSolutionNode = FALSE
	EndGlobalSection
	GlobalSection(ProjectConfigurationPlatforms) = postSolution
		{604C51AC-2031-44B2-8BC5-543FFB2CAEDF}.Debug|Any CPU.ActiveCfg = Debug|Any CPU
		{604C51AC-2031-44B2-8BC5-543FFB2CAEDF}.Debug|Any CPU.Build.0 = Debug|Any CPU
		{604C51AC-2031-44B2-8BC5-543FFB2CAEDF}.Release|Any CPU.ActiveCfg = Release|Any CPU
		{604C51AC-2031-44B2-8BC5-543FFB2CAEDF}.Release|Any CPU.Build.0 = Release|Any CPU
		{3599A3DA-C5D6-4275-AC3B-4B8840CC54E0}.Debug|Any CPU.ActiveCfg = Debug|Any CPU
		{3599A3DA-C5D6-4275-AC3B-4B8840CC54E0}.Debug|Any CPU.Build.0 = Debug|Any CPU
		{3599A3DA-C5D6-4275-AC3B-4B8840CC54E0}.Release|Any CPU.ActiveCfg = Release|Any CPU
		{3599A3DA-C5D6-4275-AC3B-4B8840CC54E0}.Release|Any CPU.Build.0 = Release|Any CPU
		{C881BB45-6F5B-42FF-AF37-B5C7EEA1363E}.Debug|Any CPU.ActiveCfg = Debug|Any CPU
		{C881BB45-6F5B-42FF-AF37-B5C7EEA1363E}.Debug|Any CPU.Build.0 = Debug|Any CPU
		{C881BB45-6F5B-42FF-AF37-B5C7EEA1363E}.Release|Any CPU.ActiveCfg = Release|Any CPU
		{C881BB45-6F5B-42FF-AF37-B5C7EEA1363E}.Release|Any CPU.Build.0 = Release|Any CPU
		{52EE47CF-B0DB-49E1-98BA-3C5D76F8681E}.Debug|Any CPU.ActiveCfg = Debug|Any CPU
		{52EE47CF-B0DB-49E1-98BA-3C5D76F8681E}.Debug|Any CPU.Build.0 = Debug|Any CPU
		{52EE47CF-B0DB-49E1-98BA-3C5D76F8681E}.Release|Any CPU.ActiveCfg = Release|Any CPU
		{52EE47CF-B0DB-49E1-98BA-3C5D76F8681E}.Release|Any CPU.Build.0 = Release|Any CPU
	EndGlobalSection
EndGlobal
